// !$*UTF8*$!
{
	archiveVersion = 1;
	classes = {
	};
	objectVersion = 55;
	objects = {

/* Begin PBXBuildFile section */
		1DD212B827D7506B00CCEFFF /* Tests_iOS.swift in Sources */ = {isa = PBXBuildFile; fileRef = 1DD212B727D7506B00CCEFFF /* Tests_iOS.swift */; };
		1DD212BA27D7506B00CCEFFF /* Tests_iOSLaunchTests.swift in Sources */ = {isa = PBXBuildFile; fileRef = 1DD212B927D7506B00CCEFFF /* Tests_iOSLaunchTests.swift */; };
		1DD212C427D7506B00CCEFFF /* Tests_macOS.swift in Sources */ = {isa = PBXBuildFile; fileRef = 1DD212C327D7506B00CCEFFF /* Tests_macOS.swift */; };
		1DD212C627D7506B00CCEFFF /* Tests_macOSLaunchTests.swift in Sources */ = {isa = PBXBuildFile; fileRef = 1DD212C527D7506B00CCEFFF /* Tests_macOSLaunchTests.swift */; };
		1DD212C727D7506B00CCEFFF /* practiceApp.swift in Sources */ = {isa = PBXBuildFile; fileRef = 1DD2129F27D7506800CCEFFF /* practiceApp.swift */; };
		1DD212C827D7506B00CCEFFF /* practiceApp.swift in Sources */ = {isa = PBXBuildFile; fileRef = 1DD2129F27D7506800CCEFFF /* practiceApp.swift */; };
		1DD212C927D7506B00CCEFFF /* ContentView.swift in Sources */ = {isa = PBXBuildFile; fileRef = 1DD212A027D7506800CCEFFF /* ContentView.swift */; };
		1DD212CA27D7506B00CCEFFF /* ContentView.swift in Sources */ = {isa = PBXBuildFile; fileRef = 1DD212A027D7506800CCEFFF /* ContentView.swift */; };
		1DD212CB27D7506B00CCEFFF /* Assets.xcassets in Resources */ = {isa = PBXBuildFile; fileRef = 1DD212A127D7506A00CCEFFF /* Assets.xcassets */; };
		1DD212CC27D7506B00CCEFFF /* Assets.xcassets in Resources */ = {isa = PBXBuildFile; fileRef = 1DD212A127D7506A00CCEFFF /* Assets.xcassets */; };
/* End PBXBuildFile section */

/* Begin PBXContainerItemProxy section */
		1DD212B427D7506B00CCEFFF /* PBXContainerItemProxy */ = {
			isa = PBXContainerItemProxy;
			containerPortal = 1DD2129A27D7506800CCEFFF /* Project object */;
			proxyType = 1;
			remoteGlobalIDString = 1DD212A527D7506A00CCEFFF;
			remoteInfo = "practice (iOS)";
		};
		1DD212C027D7506B00CCEFFF /* PBXContainerItemProxy */ = {
			isa = PBXContainerItemProxy;
			containerPortal = 1DD2129A27D7506800CCEFFF /* Project object */;
			proxyType = 1;
			remoteGlobalIDString = 1DD212AB27D7506A00CCEFFF;
			remoteInfo = "practice (macOS)";
		};
/* End PBXContainerItemProxy section */

/* Begin PBXFileReference section */
		1DD2129F27D7506800CCEFFF /* practiceApp.swift */ = {isa = PBXFileReference; lastKnownFileType = sourcecode.swift; path = practiceApp.swift; sourceTree = "<group>"; };
		1DD212A027D7506800CCEFFF /* ContentView.swift */ = {isa = PBXFileReference; lastKnownFileType = sourcecode.swift; path = ContentView.swift; sourceTree = "<group>"; };
		1DD212A127D7506A00CCEFFF /* Assets.xcassets */ = {isa = PBXFileReference; lastKnownFileType = folder.assetcatalog; path = Assets.xcassets; sourceTree = "<group>"; };
		1DD212A627D7506A00CCEFFF /* practice.app */ = {isa = PBXFileReference; explicitFileType = wrapper.application; includeInIndex = 0; path = practice.app; sourceTree = BUILT_PRODUCTS_DIR; };
		1DD212AC27D7506A00CCEFFF /* practice.app */ = {isa = PBXFileReference; explicitFileType = wrapper.application; includeInIndex = 0; path = practice.app; sourceTree = BUILT_PRODUCTS_DIR; };
		1DD212AE27D7506A00CCEFFF /* macOS.entitlements */ = {isa = PBXFileReference; lastKnownFileType = text.plist.entitlements; path = macOS.entitlements; sourceTree = "<group>"; };
		1DD212B327D7506B00CCEFFF /* Tests iOS.xctest */ = {isa = PBXFileReference; explicitFileType = wrapper.cfbundle; includeInIndex = 0; path = "Tests iOS.xctest"; sourceTree = BUILT_PRODUCTS_DIR; };
		1DD212B727D7506B00CCEFFF /* Tests_iOS.swift */ = {isa = PBXFileReference; lastKnownFileType = sourcecode.swift; path = Tests_iOS.swift; sourceTree = "<group>"; };
		1DD212B927D7506B00CCEFFF /* Tests_iOSLaunchTests.swift */ = {isa = PBXFileReference; lastKnownFileType = sourcecode.swift; path = Tests_iOSLaunchTests.swift; sourceTree = "<group>"; };
		1DD212BF27D7506B00CCEFFF /* Tests macOS.xctest */ = {isa = PBXFileReference; explicitFileType = wrapper.cfbundle; includeInIndex = 0; path = "Tests macOS.xctest"; sourceTree = BUILT_PRODUCTS_DIR; };
		1DD212C327D7506B00CCEFFF /* Tests_macOS.swift */ = {isa = PBXFileReference; lastKnownFileType = sourcecode.swift; path = Tests_macOS.swift; sourceTree = "<group>"; };
		1DD212C527D7506B00CCEFFF /* Tests_macOSLaunchTests.swift */ = {isa = PBXFileReference; lastKnownFileType = sourcecode.swift; path = Tests_macOSLaunchTests.swift; sourceTree = "<group>"; };
/* End PBXFileReference section */

/* Begin PBXFrameworksBuildPhase section */
		1DD212A327D7506A00CCEFFF /* Frameworks */ = {
			isa = PBXFrameworksBuildPhase;
			buildActionMask = 2147483647;
			files = (
			);
			runOnlyForDeploymentPostprocessing = 0;
		};
		1DD212A927D7506A00CCEFFF /* Frameworks */ = {
			isa = PBXFrameworksBuildPhase;
			buildActionMask = 2147483647;
			files = (
			);
			runOnlyForDeploymentPostprocessing = 0;
		};
		1DD212B027D7506B00CCEFFF /* Frameworks */ = {
			isa = PBXFrameworksBuildPhase;
			buildActionMask = 2147483647;
			files = (
			);
			runOnlyForDeploymentPostprocessing = 0;
		};
		1DD212BC27D7506B00CCEFFF /* Frameworks */ = {
			isa = PBXFrameworksBuildPhase;
			buildActionMask = 2147483647;
			files = (
			);
			runOnlyForDeploymentPostprocessing = 0;
		};
/* End PBXFrameworksBuildPhase section */

/* Begin PBXGroup section */
		1DD2129927D7506800CCEFFF = {
			isa = PBXGroup;
			children = (
				1DD2129E27D7506800CCEFFF /* Shared */,
				1DD212AD27D7506A00CCEFFF /* macOS */,
				1DD212B627D7506B00CCEFFF /* Tests iOS */,
				1DD212C227D7506B00CCEFFF /* Tests macOS */,
				1DD212A727D7506A00CCEFFF /* Products */,
			);
			sourceTree = "<group>";
		};
		1DD2129E27D7506800CCEFFF /* Shared */ = {
			isa = PBXGroup;
			children = (
				1DD2129F27D7506800CCEFFF /* practiceApp.swift */,
				1DD212A027D7506800CCEFFF /* ContentView.swift */,
				1DD212A127D7506A00CCEFFF /* Assets.xcassets */,
			);
			path = Shared;
			sourceTree = "<group>";
		};
		1DD212A727D7506A00CCEFFF /* Products */ = {
			isa = PBXGroup;
			children = (
				1DD212A627D7506A00CCEFFF /* practice.app */,
				1DD212AC27D7506A00CCEFFF /* practice.app */,
				1DD212B327D7506B00CCEFFF /* Tests iOS.xctest */,
				1DD212BF27D7506B00CCEFFF /* Tests macOS.xctest */,
			);
			name = Products;
			sourceTree = "<group>";
		};
		1DD212AD27D7506A00CCEFFF /* macOS */ = {
			isa = PBXGroup;
			children = (
				1DD212AE27D7506A00CCEFFF /* macOS.entitlements */,
			);
			path = macOS;
			sourceTree = "<group>";
		};
		1DD212B627D7506B00CCEFFF /* Tests iOS */ = {
			isa = PBXGroup;
			children = (
				1DD212B727D7506B00CCEFFF /* Tests_iOS.swift */,
				1DD212B927D7506B00CCEFFF /* Tests_iOSLaunchTests.swift */,
			);
			path = "Tests iOS";
			sourceTree = "<group>";
		};
		1DD212C227D7506B00CCEFFF /* Tests macOS */ = {
			isa = PBXGroup;
			children = (
				1DD212C327D7506B00CCEFFF /* Tests_macOS.swift */,
				1DD212C527D7506B00CCEFFF /* Tests_macOSLaunchTests.swift */,
			);
			path = "Tests macOS";
			sourceTree = "<group>";
		};
/* End PBXGroup section */

/* Begin PBXNativeTarget section */
		1DD212A527D7506A00CCEFFF /* practice (iOS) */ = {
			isa = PBXNativeTarget;
			buildConfigurationList = 1DD212CF27D7506B00CCEFFF /* Build configuration list for PBXNativeTarget "practice (iOS)" */;
			buildPhases = (
				1DD212A227D7506A00CCEFFF /* Sources */,
				1DD212A327D7506A00CCEFFF /* Frameworks */,
				1DD212A427D7506A00CCEFFF /* Resources */,
			);
			buildRules = (
			);
			dependencies = (
			);
			name = "practice (iOS)";
			productName = "practice (iOS)";
			productReference = 1DD212A627D7506A00CCEFFF /* practice.app */;
			productType = "com.apple.product-type.application";
		};
		1DD212AB27D7506A00CCEFFF /* practice (macOS) */ = {
			isa = PBXNativeTarget;
			buildConfigurationList = 1DD212D227D7506B00CCEFFF /* Build configuration list for PBXNativeTarget "practice (macOS)" */;
			buildPhases = (
				1DD212A827D7506A00CCEFFF /* Sources */,
				1DD212A927D7506A00CCEFFF /* Frameworks */,
				1DD212AA27D7506A00CCEFFF /* Resources */,
			);
			buildRules = (
			);
			dependencies = (
			);
			name = "practice (macOS)";
			productName = "practice (macOS)";
			productReference = 1DD212AC27D7506A00CCEFFF /* practice.app */;
			productType = "com.apple.product-type.application";
		};
		1DD212B227D7506B00CCEFFF /* Tests iOS */ = {
			isa = PBXNativeTarget;
			buildConfigurationList = 1DD212D527D7506B00CCEFFF /* Build configuration list for PBXNativeTarget "Tests iOS" */;
			buildPhases = (
				1DD212AF27D7506B00CCEFFF /* Sources */,
				1DD212B027D7506B00CCEFFF /* Frameworks */,
				1DD212B127D7506B00CCEFFF /* Resources */,
			);
			buildRules = (
			);
			dependencies = (
				1DD212B527D7506B00CCEFFF /* PBXTargetDependency */,
			);
			name = "Tests iOS";
			productName = "Tests iOS";
			productReference = 1DD212B327D7506B00CCEFFF /* Tests iOS.xctest */;
			productType = "com.apple.product-type.bundle.ui-testing";
		};
		1DD212BE27D7506B00CCEFFF /* Tests macOS */ = {
			isa = PBXNativeTarget;
			buildConfigurationList = 1DD212D827D7506B00CCEFFF /* Build configuration list for PBXNativeTarget "Tests macOS" */;
			buildPhases = (
				1DD212BB27D7506B00CCEFFF /* Sources */,
				1DD212BC27D7506B00CCEFFF /* Frameworks */,
				1DD212BD27D7506B00CCEFFF /* Resources */,
			);
			buildRules = (
			);
			dependencies = (
				1DD212C127D7506B00CCEFFF /* PBXTargetDependency */,
			);
			name = "Tests macOS";
			productName = "Tests macOS";
			productReference = 1DD212BF27D7506B00CCEFFF /* Tests macOS.xctest */;
			productType = "com.apple.product-type.bundle.ui-testing";
		};
/* End PBXNativeTarget section */

/* Begin PBXProject section */
		1DD2129A27D7506800CCEFFF /* Project object */ = {
			isa = PBXProject;
			attributes = {
				BuildIndependentTargetsInParallel = 1;
				LastSwiftUpdateCheck = 1320;
				LastUpgradeCheck = 1320;
				TargetAttributes = {
					1DD212A527D7506A00CCEFFF = {
						CreatedOnToolsVersion = 13.2.1;
					};
					1DD212AB27D7506A00CCEFFF = {
						CreatedOnToolsVersion = 13.2.1;
					};
					1DD212B227D7506B00CCEFFF = {
						CreatedOnToolsVersion = 13.2.1;
						TestTargetID = 1DD212A527D7506A00CCEFFF;
					};
					1DD212BE27D7506B00CCEFFF = {
						CreatedOnToolsVersion = 13.2.1;
						TestTargetID = 1DD212AB27D7506A00CCEFFF;
					};
				};
			};
			buildConfigurationList = 1DD2129D27D7506800CCEFFF /* Build configuration list for PBXProject "practice" */;
			compatibilityVersion = "Xcode 13.0";
			developmentRegion = en;
			hasScannedForEncodings = 0;
			knownRegions = (
				en,
				Base,
			);
			mainGroup = 1DD2129927D7506800CCEFFF;
			productRefGroup = 1DD212A727D7506A00CCEFFF /* Products */;
			projectDirPath = "";
			projectRoot = "";
			targets = (
				1DD212A527D7506A00CCEFFF /* practice (iOS) */,
				1DD212AB27D7506A00CCEFFF /* practice (macOS) */,
				1DD212B227D7506B00CCEFFF /* Tests iOS */,
				1DD212BE27D7506B00CCEFFF /* Tests macOS */,
			);
		};
/* End PBXProject section */

/* Begin PBXResourcesBuildPhase section */
		1DD212A427D7506A00CCEFFF /* Resources */ = {
			isa = PBXResourcesBuildPhase;
			buildActionMask = 2147483647;
			files = (
				1DD212CB27D7506B00CCEFFF /* Assets.xcassets in Resources */,
			);
			runOnlyForDeploymentPostprocessing = 0;
		};
		1DD212AA27D7506A00CCEFFF /* Resources */ = {
			isa = PBXResourcesBuildPhase;
			buildActionMask = 2147483647;
			files = (
				1DD212CC27D7506B00CCEFFF /* Assets.xcassets in Resources */,
			);
			runOnlyForDeploymentPostprocessing = 0;
		};
		1DD212B127D7506B00CCEFFF /* Resources */ = {
			isa = PBXResourcesBuildPhase;
			buildActionMask = 2147483647;
			files = (
			);
			runOnlyForDeploymentPostprocessing = 0;
		};
		1DD212BD27D7506B00CCEFFF /* Resources */ = {
			isa = PBXResourcesBuildPhase;
			buildActionMask = 2147483647;
			files = (
			);
			runOnlyForDeploymentPostprocessing = 0;
		};
/* End PBXResourcesBuildPhase section */

/* Begin PBXSourcesBuildPhase section */
		1DD212A227D7506A00CCEFFF /* Sources */ = {
			isa = PBXSourcesBuildPhase;
			buildActionMask = 2147483647;
			files = (
				1DD212C927D7506B00CCEFFF /* ContentView.swift in Sources */,
				1DD212C727D7506B00CCEFFF /* practiceApp.swift in Sources */,
			);
			runOnlyForDeploymentPostprocessing = 0;
		};
		1DD212A827D7506A00CCEFFF /* Sources */ = {
			isa = PBXSourcesBuildPhase;
			buildActionMask = 2147483647;
			files = (
				1DD212CA27D7506B00CCEFFF /* ContentView.swift in Sources */,
				1DD212C827D7506B00CCEFFF /* practiceApp.swift in Sources */,
			);
			runOnlyForDeploymentPostprocessing = 0;
		};
		1DD212AF27D7506B00CCEFFF /* Sources */ = {
			isa = PBXSourcesBuildPhase;
			buildActionMask = 2147483647;
			files = (
				1DD212BA27D7506B00CCEFFF /* Tests_iOSLaunchTests.swift in Sources */,
				1DD212B827D7506B00CCEFFF /* Tests_iOS.swift in Sources */,
			);
			runOnlyForDeploymentPostprocessing = 0;
		};
		1DD212BB27D7506B00CCEFFF /* Sources */ = {
			isa = PBXSourcesBuildPhase;
			buildActionMask = 2147483647;
			files = (
				1DD212C627D7506B00CCEFFF /* Tests_macOSLaunchTests.swift in Sources */,
				1DD212C427D7506B00CCEFFF /* Tests_macOS.swift in Sources */,
			);
			runOnlyForDeploymentPostprocessing = 0;
		};
/* End PBXSourcesBuildPhase section */

/* Begin PBXTargetDependency section */
		1DD212B527D7506B00CCEFFF /* PBXTargetDependency */ = {
			isa = PBXTargetDependency;
			target = 1DD212A527D7506A00CCEFFF /* practice (iOS) */;
			targetProxy = 1DD212B427D7506B00CCEFFF /* PBXContainerItemProxy */;
		};
		1DD212C127D7506B00CCEFFF /* PBXTargetDependency */ = {
			isa = PBXTargetDependency;
			target = 1DD212AB27D7506A00CCEFFF /* practice (macOS) */;
			targetProxy = 1DD212C027D7506B00CCEFFF /* PBXContainerItemProxy */;
		};
/* End PBXTargetDependency section */

/* Begin XCBuildConfiguration section */
		1DD212CD27D7506B00CCEFFF /* Debug */ = {
			isa = XCBuildConfiguration;
			buildSettings = {
				ALWAYS_SEARCH_USER_PATHS = NO;
				CLANG_ANALYZER_NONNULL = YES;
				CLANG_ANALYZER_NUMBER_OBJECT_CONVERSION = YES_AGGRESSIVE;
				CLANG_CXX_LANGUAGE_STANDARD = "gnu++17";
				CLANG_CXX_LIBRARY = "libc++";
				CLANG_ENABLE_MODULES = YES;
				CLANG_ENABLE_OBJC_ARC = YES;
				CLANG_ENABLE_OBJC_WEAK = YES;
				CLANG_WARN_BLOCK_CAPTURE_AUTORELEASING = YES;
				CLANG_WARN_BOOL_CONVERSION = YES;
				CLANG_WARN_COMMA = YES;
				CLANG_WARN_CONSTANT_CONVERSION = YES;
				CLANG_WARN_DEPRECATED_OBJC_IMPLEMENTATIONS = YES;
				CLANG_WARN_DIRECT_OBJC_ISA_USAGE = YES_ERROR;
				CLANG_WARN_DOCUMENTATION_COMMENTS = YES;
				CLANG_WARN_EMPTY_BODY = YES;
				CLANG_WARN_ENUM_CONVERSION = YES;
				CLANG_WARN_INFINITE_RECURSION = YES;
				CLANG_WARN_INT_CONVERSION = YES;
				CLANG_WARN_NON_LITERAL_NULL_CONVERSION = YES;
				CLANG_WARN_OBJC_IMPLICIT_RETAIN_SELF = YES;
				CLANG_WARN_OBJC_LITERAL_CONVERSION = YES;
				CLANG_WARN_OBJC_ROOT_CLASS = YES_ERROR;
				CLANG_WARN_QUOTED_INCLUDE_IN_FRAMEWORK_HEADER = YES;
				CLANG_WARN_RANGE_LOOP_ANALYSIS = YES;
				CLANG_WARN_STRICT_PROTOTYPES = YES;
				CLANG_WARN_SUSPICIOUS_MOVE = YES;
				CLANG_WARN_UNGUARDED_AVAILABILITY = YES_AGGRESSIVE;
				CLANG_WARN_UNREACHABLE_CODE = YES;
				CLANG_WARN__DUPLICATE_METHOD_MATCH = YES;
				COPY_PHASE_STRIP = NO;
				DEBUG_INFORMATION_FORMAT = dwarf;
				ENABLE_STRICT_OBJC_MSGSEND = YES;
				ENABLE_TESTABILITY = YES;
				GCC_C_LANGUAGE_STANDARD = gnu11;
				GCC_DYNAMIC_NO_PIC = NO;
				GCC_NO_COMMON_BLOCKS = YES;
				GCC_OPTIMIZATION_LEVEL = 0;
				GCC_PREPROCESSOR_DEFINITIONS = (
					"DEBUG=1",
					"$(inherited)",
				);
				GCC_WARN_64_TO_32_BIT_CONVERSION = YES;
				GCC_WARN_ABOUT_RETURN_TYPE = YES_ERROR;
				GCC_WARN_UNDECLARED_SELECTOR = YES;
				GCC_WARN_UNINITIALIZED_AUTOS = YES_AGGRESSIVE;
				GCC_WARN_UNUSED_FUNCTION = YES;
				GCC_WARN_UNUSED_VARIABLE = YES;
				MTL_ENABLE_DEBUG_INFO = INCLUDE_SOURCE;
				MTL_FAST_MATH = YES;
				ONLY_ACTIVE_ARCH = YES;
				SWIFT_ACTIVE_COMPILATION_CONDITIONS = DEBUG;
				SWIFT_OPTIMIZATION_LEVEL = "-Onone";
			};
			name = Debug;
		};
		1DD212CE27D7506B00CCEFFF /* Release */ = {
			isa = XCBuildConfiguration;
			buildSettings = {
				ALWAYS_SEARCH_USER_PATHS = NO;
				CLANG_ANALYZER_NONNULL = YES;
				CLANG_ANALYZER_NUMBER_OBJECT_CONVERSION = YES_AGGRESSIVE;
				CLANG_CXX_LANGUAGE_STANDARD = "gnu++17";
				CLANG_CXX_LIBRARY = "libc++";
				CLANG_ENABLE_MODULES = YES;
				CLANG_ENABLE_OBJC_ARC = YES;
				CLANG_ENABLE_OBJC_WEAK = YES;
				CLANG_WARN_BLOCK_CAPTURE_AUTORELEASING = YES;
				CLANG_WARN_BOOL_CONVERSION = YES;
				CLANG_WARN_COMMA = YES;
				CLANG_WARN_CONSTANT_CONVERSION = YES;
				CLANG_WARN_DEPRECATED_OBJC_IMPLEMENTATIONS = YES;
				CLANG_WARN_DIRECT_OBJC_ISA_USAGE = YES_ERROR;
				CLANG_WARN_DOCUMENTATION_COMMENTS = YES;
				CLANG_WARN_EMPTY_BODY = YES;
				CLANG_WARN_ENUM_CONVERSION = YES;
				CLANG_WARN_INFINITE_RECURSION = YES;
				CLANG_WARN_INT_CONVERSION = YES;
				CLANG_WARN_NON_LITERAL_NULL_CONVERSION = YES;
				CLANG_WARN_OBJC_IMPLICIT_RETAIN_SELF = YES;
				CLANG_WARN_OBJC_LITERAL_CONVERSION = YES;
				CLANG_WARN_OBJC_ROOT_CLASS = YES_ERROR;
				CLANG_WARN_QUOTED_INCLUDE_IN_FRAMEWORK_HEADER = YES;
				CLANG_WARN_RANGE_LOOP_ANALYSIS = YES;
				CLANG_WARN_STRICT_PROTOTYPES = YES;
				CLANG_WARN_SUSPICIOUS_MOVE = YES;
				CLANG_WARN_UNGUARDED_AVAILABILITY = YES_AGGRESSIVE;
				CLANG_WARN_UNREACHABLE_CODE = YES;
				CLANG_WARN__DUPLICATE_METHOD_MATCH = YES;
				COPY_PHASE_STRIP = NO;
				DEBUG_INFORMATION_FORMAT = "dwarf-with-dsym";
				ENABLE_NS_ASSERTIONS = NO;
				ENABLE_STRICT_OBJC_MSGSEND = YES;
				GCC_C_LANGUAGE_STANDARD = gnu11;
				GCC_NO_COMMON_BLOCKS = YES;
				GCC_WARN_64_TO_32_BIT_CONVERSION = YES;
				GCC_WARN_ABOUT_RETURN_TYPE = YES_ERROR;
				GCC_WARN_UNDECLARED_SELECTOR = YES;
				GCC_WARN_UNINITIALIZED_AUTOS = YES_AGGRESSIVE;
				GCC_WARN_UNUSED_FUNCTION = YES;
				GCC_WARN_UNUSED_VARIABLE = YES;
				MTL_ENABLE_DEBUG_INFO = NO;
				MTL_FAST_MATH = YES;
				SWIFT_COMPILATION_MODE = wholemodule;
				SWIFT_OPTIMIZATION_LEVEL = "-O";
			};
			name = Release;
		};
		1DD212D027D7506B00CCEFFF /* Debug */ = {
			isa = XCBuildConfiguration;
			buildSettings = {
				ASSETCATALOG_COMPILER_APPICON_NAME = AppIcon;
				ASSETCATALOG_COMPILER_GLOBAL_ACCENT_COLOR_NAME = AccentColor;
				CODE_SIGN_STYLE = Automatic;
				CURRENT_PROJECT_VERSION = 1;
				ENABLE_PREVIEWS = YES;
				GENERATE_INFOPLIST_FILE = YES;
				INFOPLIST_KEY_UIApplicationSceneManifest_Generation = YES;
				INFOPLIST_KEY_UIApplicationSupportsIndirectInputEvents = YES;
				INFOPLIST_KEY_UILaunchScreen_Generation = YES;
				INFOPLIST_KEY_UISupportedInterfaceOrientations_iPad = "UIInterfaceOrientationPortrait UIInterfaceOrientationPortraitUpsideDown UIInterfaceOrientationLandscapeLeft UIInterfaceOrientationLandscapeRight";
				INFOPLIST_KEY_UISupportedInterfaceOrientations_iPhone = "UIInterfaceOrientationPortrait UIInterfaceOrientationLandscapeLeft UIInterfaceOrientationLandscapeRight";
				IPHONEOS_DEPLOYMENT_TARGET = 15.2;
				LD_RUNPATH_SEARCH_PATHS = (
					"$(inherited)",
					"@executable_path/Frameworks",
				);
				MARKETING_VERSION = 1.0;
				PRODUCT_BUNDLE_IDENTIFIER = no.practice;
				PRODUCT_NAME = practice;
				SDKROOT = iphoneos;
				SWIFT_EMIT_LOC_STRINGS = YES;
				SWIFT_VERSION = 5.0;
				TARGETED_DEVICE_FAMILY = "1,2";
			};
			name = Debug;
		};
		1DD212D127D7506B00CCEFFF /* Release */ = {
			isa = XCBuildConfiguration;
			buildSettings = {
				ASSETCATALOG_COMPILER_APPICON_NAME = AppIcon;
				ASSETCATALOG_COMPILER_GLOBAL_ACCENT_COLOR_NAME = AccentColor;
				CODE_SIGN_STYLE = Automatic;
				CURRENT_PROJECT_VERSION = 1;
				ENABLE_PREVIEWS = YES;
				GENERATE_INFOPLIST_FILE = YES;
				INFOPLIST_KEY_UIApplicationSceneManifest_Generation = YES;
				INFOPLIST_KEY_UIApplicationSupportsIndirectInputEvents = YES;
				INFOPLIST_KEY_UILaunchScreen_Generation = YES;
				INFOPLIST_KEY_UISupportedInterfaceOrientations_iPad = "UIInterfaceOrientationPortrait UIInterfaceOrientationPortraitUpsideDown UIInterfaceOrientationLandscapeLeft UIInterfaceOrientationLandscapeRight";
				INFOPLIST_KEY_UISupportedInterfaceOrientations_iPhone = "UIInterfaceOrientationPortrait UIInterfaceOrientationLandscapeLeft UIInterfaceOrientationLandscapeRight";
				IPHONEOS_DEPLOYMENT_TARGET = 15.2;
				LD_RUNPATH_SEARCH_PATHS = (
					"$(inherited)",
					"@executable_path/Frameworks",
				);
				MARKETING_VERSION = 1.0;
				PRODUCT_BUNDLE_IDENTIFIER = no.practice;
				PRODUCT_NAME = practice;
				SDKROOT = iphoneos;
				SWIFT_EMIT_LOC_STRINGS = YES;
				SWIFT_VERSION = 5.0;
				TARGETED_DEVICE_FAMILY = "1,2";
				VALIDATE_PRODUCT = YES;
			};
			name = Release;
		};
		1DD212D327D7506B00CCEFFF /* Debug */ = {
			isa = XCBuildConfiguration;
			buildSettings = {
				ASSETCATALOG_COMPILER_APPICON_NAME = AppIcon;
				ASSETCATALOG_COMPILER_GLOBAL_ACCENT_COLOR_NAME = AccentColor;
				CODE_SIGN_ENTITLEMENTS = macOS/macOS.entitlements;
				CODE_SIGN_STYLE = Automatic;
				COMBINE_HIDPI_IMAGES = YES;
				CURRENT_PROJECT_VERSION = 1;
				ENABLE_PREVIEWS = YES;
				GENERATE_INFOPLIST_FILE = YES;
				INFOPLIST_KEY_NSHumanReadableCopyright = "";
				LD_RUNPATH_SEARCH_PATHS = (
					"$(inherited)",
					"@executable_path/../Frameworks",
				);
				MACOSX_DEPLOYMENT_TARGET = 11.5;
				MARKETING_VERSION = 1.0;
				PRODUCT_BUNDLE_IDENTIFIER = no.practice;
				PRODUCT_NAME = practice;
				SDKROOT = macosx;
				SWIFT_EMIT_LOC_STRINGS = YES;
				SWIFT_VERSION = 5.0;
			};
			name = Debug;
		};
		1DD212D427D7506B00CCEFFF /* Release */ = {
			isa = XCBuildConfiguration;
			buildSettings = {
				ASSETCATALOG_COMPILER_APPICON_NAME = AppIcon;
				ASSETCATALOG_COMPILER_GLOBAL_ACCENT_COLOR_NAME = AccentColor;
				CODE_SIGN_ENTITLEMENTS = macOS/macOS.entitlements;
				CODE_SIGN_STYLE = Automatic;
				COMBINE_HIDPI_IMAGES = YES;
				CURRENT_PROJECT_VERSION = 1;
				ENABLE_PREVIEWS = YES;
				GENERATE_INFOPLIST_FILE = YES;
				INFOPLIST_KEY_NSHumanReadableCopyright = "";
				LD_RUNPATH_SEARCH_PATHS = (
					"$(inherited)",
					"@executable_path/../Frameworks",
				);
				MACOSX_DEPLOYMENT_TARGET = 11.5;
				MARKETING_VERSION = 1.0;
				PRODUCT_BUNDLE_IDENTIFIER = no.practice;
				PRODUCT_NAME = practice;
				SDKROOT = macosx;
				SWIFT_EMIT_LOC_STRINGS = YES;
				SWIFT_VERSION = 5.0;
			};
			name = Release;
		};
		1DD212D627D7506B00CCEFFF /* Debug */ = {
			isa = XCBuildConfiguration;
			buildSettings = {
				ALWAYS_EMBED_SWIFT_STANDARD_LIBRARIES = YES;
				CODE_SIGN_STYLE = Automatic;
				CURRENT_PROJECT_VERSION = 1;
				GENERATE_INFOPLIST_FILE = YES;
				IPHONEOS_DEPLOYMENT_TARGET = 15.2;
				MARKETING_VERSION = 1.0;
				PRODUCT_BUNDLE_IDENTIFIER = "no.Tests-iOS";
				PRODUCT_NAME = "$(TARGET_NAME)";
				SDKROOT = iphoneos;
				SWIFT_EMIT_LOC_STRINGS = NO;
				SWIFT_VERSION = 5.0;
				TARGETED_DEVICE_FAMILY = "1,2";
				TEST_TARGET_NAME = "practice (iOS)";
			};
			name = Debug;
		};
		1DD212D727D7506B00CCEFFF /* Release */ = {
			isa = XCBuildConfiguration;
			buildSettings = {
				ALWAYS_EMBED_SWIFT_STANDARD_LIBRARIES = YES;
				CODE_SIGN_STYLE = Automatic;
				CURRENT_PROJECT_VERSION = 1;
				GENERATE_INFOPLIST_FILE = YES;
				IPHONEOS_DEPLOYMENT_TARGET = 15.2;
				MARKETING_VERSION = 1.0;
				PRODUCT_BUNDLE_IDENTIFIER = "no.Tests-iOS";
				PRODUCT_NAME = "$(TARGET_NAME)";
				SDKROOT = iphoneos;
				SWIFT_EMIT_LOC_STRINGS = NO;
				SWIFT_VERSION = 5.0;
				TARGETED_DEVICE_FAMILY = "1,2";
				TEST_TARGET_NAME = "practice (iOS)";
				VALIDATE_PRODUCT = YES;
			};
			name = Release;
		};
		1DD212D927D7506B00CCEFFF /* Debug */ = {
			isa = XCBuildConfiguration;
			buildSettings = {
				ALWAYS_EMBED_SWIFT_STANDARD_LIBRARIES = YES;
				CODE_SIGN_STYLE = Automatic;
				CURRENT_PROJECT_VERSION = 1;
				GENERATE_INFOPLIST_FILE = YES;
				MACOSX_DEPLOYMENT_TARGET = 11.5;
				MARKETING_VERSION = 1.0;
				PRODUCT_BUNDLE_IDENTIFIER = "no.Tests-macOS";
				PRODUCT_NAME = "$(TARGET_NAME)";
				SDKROOT = macosx;
				SWIFT_EMIT_LOC_STRINGS = NO;
				SWIFT_VERSION = 5.0;
				TEST_TARGET_NAME = "practice (macOS)";
			};
			name = Debug;
		};
		1DD212DA27D7506B00CCEFFF /* Release */ = {
			isa = XCBuildConfiguration;
			buildSettings = {
				ALWAYS_EMBED_SWIFT_STANDARD_LIBRARIES = YES;
				CODE_SIGN_STYLE = Automatic;
				CURRENT_PROJECT_VERSION = 1;
				GENERATE_INFOPLIST_FILE = YES;
				MACOSX_DEPLOYMENT_TARGET = 11.5;
				MARKETING_VERSION = 1.0;
				PRODUCT_BUNDLE_IDENTIFIER = "no.Tests-macOS";
				PRODUCT_NAME = "$(TARGET_NAME)";
				SDKROOT = macosx;
				SWIFT_EMIT_LOC_STRINGS = NO;
				SWIFT_VERSION = 5.0;
				TEST_TARGET_NAME = "practice (macOS)";
			};
			name = Release;
		};
/* End XCBuildConfiguration section */

/* Begin XCConfigurationList section */
		1DD2129D27D7506800CCEFFF /* Build configuration list for PBXProject "practice" */ = {
			isa = XCConfigurationList;
			buildConfigurations = (
				1DD212CD27D7506B00CCEFFF /* Debug */,
				1DD212CE27D7506B00CCEFFF /* Release */,
			);
			defaultConfigurationIsVisible = 0;
			defaultConfigurationName = Release;
		};
		1DD212CF27D7506B00CCEFFF /* Build configuration list for PBXNativeTarget "practice (iOS)" */ = {
			isa = XCConfigurationList;
			buildConfigurations = (
				1DD212D027D7506B00CCEFFF /* Debug */,
				1DD212D127D7506B00CCEFFF /* Release */,
			);
			defaultConfigurationIsVisible = 0;
			defaultConfigurationName = Release;
		};
		1DD212D227D7506B00CCEFFF /* Build configuration list for PBXNativeTarget "practice (macOS)" */ = {
			isa = XCConfigurationList;
			buildConfigurations = (
				1DD212D327D7506B00CCEFFF /* Debug */,
				1DD212D427D7506B00CCEFFF /* Release */,
			);
			defaultConfigurationIsVisible = 0;
			defaultConfigurationName = Release;
		};
		1DD212D527D7506B00CCEFFF /* Build configuration list for PBXNativeTarget "Tests iOS" */ = {
			isa = XCConfigurationList;
			buildConfigurations = (
				1DD212D627D7506B00CCEFFF /* Debug */,
				1DD212D727D7506B00CCEFFF /* Release */,
			);
			defaultConfigurationIsVisible = 0;
			defaultConfigurationName = Release;
		};
		1DD212D827D7506B00CCEFFF /* Build configuration list for PBXNativeTarget "Tests macOS" */ = {
			isa = XCConfigurationList;
			buildConfigurations = (
				1DD212D927D7506B00CCEFFF /* Debug */,
				1DD212DA27D7506B00CCEFFF /* Release */,
			);
			defaultConfigurationIsVisible = 0;
			defaultConfigurationName = Release;
		};
/* End XCConfigurationList section */
	};
	rootObject = 1DD2129A27D7506800CCEFFF /* Project object */;
}
